
Microsoft Visual Studio Solution File, Format Version 12.00
# Visual Studio Version 17
VisualStudioVersion = 17.8.34511.84
MinimumVisualStudioVersion = 10.0.40219.1
Project("{FAE04EC0-301F-11D3-BF4B-00C04F79EFBC}") = "ConsoleApp3", "ConsoleApp3\ConsoleApp3.csproj", "{91A401A4-3B44-4E44-842B-B5A5145CE1FF}"
EndProject
Global
	GlobalSection(SolutionConfigurationPlatforms) = preSolution
		Debug|Any CPU = Debug|Any CPU
		Release|Any CPU = Release|Any CPU
	EndGlobalSection
	GlobalSection(ProjectConfigurationPlatforms) = postSolution
		{91A401A4-3B44-4E44-842B-B5A5145CE1FF}.Debug|Any CPU.ActiveCfg = Debug|Any CPU
		{91A401A4-3B44-4E44-842B-B5A5145CE1FF}.Debug|Any CPU.Build.0 = Debug|Any CPU
		{91A401A4-3B44-4E44-842B-B5A5145CE1FF}.Release|Any CPU.ActiveCfg = Release|Any CPU
		{91A401A4-3B44-4E44-842B-B5A5145CE1FF}.Release|Any CPU.Build.0 = Release|Any CPU
	EndGlobalSection
	GlobalSection(SolutionProperties) = preSolution
		HideSolutionNode = FALSE
	EndGlobalSection
	GlobalSection(ExtensibilityGlobals) = postSolution
		SolutionGuid = {0F1E4CAC-80DD-4372-B4EF-A06B2785BC17}
	EndGlobalSection
EndGlobal
